{
  "nodes": {
    "dank-material-shell": {
      "inputs": {
        "dank-qml-common": "dank-qml-common",
        "flake-compat": "flake-compat",
        "nixpkgs": [
          "nixpkgs"
        ]
      },
      "locked": {
        "lastModified": 1786160171,
        "narHash": "sha256-xnFMx/+a4Edo36QGiPicOOhtRpWPajoot5unGPaGcas=",
        "owner": "AvengeMedia",
        "repo": "DankMaterialShell",
        "rev": "3c817dc0d023070a9450420530f6c9fa7c75054b",
        "type": "github"
      },
      "original": {
        "owner": "AvengeMedia",
        "repo": "DankMaterialShell",
        "type": "github"
      }
    },
    "dank-qml-common": {
      "flake": false,
      "locked": {
        "lastModified": 1786121412,
        "narHash": "sha256-XHNpDNfQfjP6nIscd26GK6ydgBdVN5gknYGOVxXBWLw=",
        "owner": "AvengeMedia",
        "repo": "dank-qml-common",
        "rev": "28fde7311296cbd041e5b704e54a481082b92b18",
        "type": "github"
      },
      "original": {
        "owner": "AvengeMedia",
        "repo": "dank-qml-common",
        "type": "github"
      }
    },
    "flake-compat": {
      "flake": false,
      "locked": {
        "lastModified": 1767039857,
        "narHash": "sha256-vNpUSpF5Nuw8xvDLj2KCwwksIbjua2LZCqhV1LNRDns=",
        "owner": "NixOS",
        "repo": "flake-compat",
        "rev": "5edf11c44bc78a0d334f6334cdaf7d60d732daab",
        "type": "github"
      },
      "original": {
        "owner": "NixOS",
        "repo": "flake-compat",
        "type": "github"
      }
    },
    "flake-utils": {
      "inputs": {
        "systems": "systems"
      },
      "locked": {
        "lastModified": 1731533236,
        "narHash": "sha256-l0KFg5HjrsfsO/JpG+r7fRrqm12kzFHyUHqHCVpMMbI=",
        "owner": "numtide",
        "repo": "flake-utils",
        "rev": "11707dc2f618dd54ca8739b309ec4fc024de578b",
        "type": "github"
      },
      "original": {
        "owner": "numtide",
        "repo": "flake-utils",
        "type": "github"
      }
    },
    "gruvbox-wallpapers": {
      "inputs": {
        "nixpkgs": [
          "nixpkgs"
        ]
      },
      "locked": {
        "lastModified": 1784553621,
        "narHash": "sha256-RpPMMbI/jxCxOlsf0d8SZyORR4qafod97kjE98FhId0=",
        "owner": "AngelJumbo",
        "repo": "gruvbox-wallpapers",
        "rev": "64a1f5fdbc4f7e0a7700405a80f6011dbe2e00f8",
        "type": "github"
      },
      "original": {
        "owner": "AngelJumbo",
        "repo": "gruvbox-wallpapers",
        "type": "github"
      }
    },
    "home-manager": {
      "inputs": {
        "nixpkgs": [
          "nixpkgs"
        ]
      },
      "locked": {
        "lastModified": 1786031233,
        "narHash": "sha256-TIDlLTLI1/pB7IqgjzcKQjpODQsZE2oII4XGG9B6KjI=",
        "owner": "nix-community",
        "repo": "home-manager",
        "rev": "7834e82588860aaf780cec1366524456a70898d7",
        "type": "github"
      },
      "original": {
        "owner": "nix-community",
        "repo": "home-manager",
        "type": "github"
      }
    },
    "home-manager_2": {
      "inputs": {
        "nixpkgs": [
          "zen-browser",
          "nixpkgs"
        ]
      },
      "locked": {
        "lastModified": 1785531816,
        "narHash": "sha256-vkMnV0JIyw+g/NmcfoajlGaAO+9a0ezia+FZohQJrik=",
        "owner": "nix-community",
        "repo": "home-manager",
        "rev": "bf9ce9fec78f95f374e8dd3b503863a3ec128ebe",
        "type": "github"
      },
      "original": {
        "owner": "nix-community",
        "repo": "home-manager",
        "type": "github"
      }
    },
    "nezzontli-ctl": {
      "inputs": {
        "nixpkgs": [
          "nixpkgs"
        ]
      },
      "locked": {
        "lastModified": 1785462116,
        "narHash": "sha256-S5vQY5JR28Nmeq4AswRmFl7mD1q43MdA46GifhiJ4tA=",
        "owner": "Richard7987",
        "repo": "nezzontli-ctl",
        "rev": "97b83a82103197915fefaa3b0daf649f14f57280",
        "type": "github"
      },
      "original": {
        "owner": "Richard7987",
        "repo": "nezzontli-ctl",
        "type": "github"
      }
    },
    "nixpkgs": {
      "locked": {
        "lastModified": 1785967620,
        "narHash": "sha256-IItrdb7Puk05RqOBWZYFC5X6Wl1sJmCfh5MWVHw5iMM=",
        "owner": "NixOS",
        "repo": "nixpkgs",
        "rev": "b7c2ada94fe99c15b0dbcf4d11fd7850b957a436",
        "type": "github"
      },
      "original": {
        "owner": "NixOS",
        "ref": "nixos-unstable",
        "repo": "nixpkgs",
        "type": "github"
      }
    },
    "noctalia": {
      "inputs": {
        "nixpkgs": [
          "nixpkgs"
        ]
      },
      "locked": {
        "lastModified": 1786115669,
        "narHash": "sha256-+UpdMASvCJgEejw4SZbhefk/9oboIDR2s8gezsYjulg=",
        "owner": "noctalia-dev",
        "repo": "noctalia",
        "rev": "e9230c81beb2513e4a4b09884f37e4f22fc246de",
        "type": "github"
      },
      "original": {
        "owner": "noctalia-dev",
        "repo": "noctalia",
        "type": "github"
      }
    },
    "noctalia-greeter": {
      "inputs": {
        "nixpkgs": [
          "nixpkgs"
        ]
      },
      "locked": {
        "lastModified": 1786057790,
        "narHash": "sha256-k/qCnifAoBqpHkRPYn6nUfEoRV1HXac01+Fh4aouWIE=",
        "owner": "noctalia-dev",
        "repo": "noctalia-greeter",
        "rev": "bf5feefee3d90922952c1850eebdf93d1c0c7f01",
        "type": "github"
      },
      "original": {
        "owner": "noctalia-dev",
        "repo": "noctalia-greeter",
        "type": "github"
      }
    },
    "psysonic": {
      "inputs": {
        "nixpkgs": [
          "nixpkgs"
        ]
      },
      "locked": {
        "lastModified": 1786098102,
        "narHash": "sha256-OwplOZnCp/MVW/5gBkfVIEu4oBZV93pN8CCnGKPmLAI=",
        "owner": "Psychotoxical",
        "repo": "psysonic",
        "rev": "0aa43dc6e4d360ac92e4ede5177e514ab1e5e1de",
        "type": "github"
      },
      "original": {
        "owner": "Psychotoxical",
        "repo": "psysonic",
        "type": "github"
      }
    },
    "root": {
      "inputs": {
        "dank-material-shell": "dank-material-shell",
        "gruvbox-wallpapers": "gruvbox-wallpapers",
        "home-manager": "home-manager",
        "nezzontli-ctl": "nezzontli-ctl",
        "nixpkgs": "nixpkgs",
        "noctalia": "noctalia",
        "noctalia-greeter": "noctalia-greeter",
        "psysonic": "psysonic",
        "slides": "slides",
        "zen-browser": "zen-browser"
      }
    },
    "slides": {
      "inputs": {
        "flake-utils": "flake-utils",
        "nixpkgs": [
          "nixpkgs"
        ]
      },
      "locked": {
        "lastModified": 1785563576,
        "narHash": "sha256-H6NHD30duMb/sidZmUITR5dZhMopBUtsdRFG9b3CClw=",
        "owner": "Richard7987",
        "repo": "slide",
        "rev": "fc21959a0c4481b5f9725702e9e24df6458a7c46",
        "type": "github"
      },
      "original": {
        "owner": "Richard7987",
        "repo": "slide",
        "type": "github"
      }
    },
    "systems": {
      "locked": {
        "lastModified": 1681028828,
        "narHash": "sha256-Vy1rq5AaRuLzOxct8nz4T6wlgyUR7zLU309k9mBC768=",
        "owner": "nix-systems",
        "repo": "default",
        "rev": "da67096a3b9bf56a91d16901293e51ba5b49a27e",
        "type": "github"
      },
      "original": {
        "owner": "nix-systems",
        "repo": "default",
        "type": "github"
      }
    },
    "zen-browser": {
      "inputs": {
        "home-manager": "home-manager_2",
        "nixpkgs": [
          "nixpkgs"
        ]
      },
      "locked": {
        "lastModified": 1786118193,
        "narHash": "sha256-RhkiElXANPrHOXTncgUmKHVw8FHuRZjAXmtUPQfB91c=",
        "owner": "0xc000022070",
        "repo": "zen-browser-flake",
        "rev": "43272965c62be2c512630bc80deeb6792b2f285b",
        "type": "github"
      },
      "original": {
        "owner": "0xc000022070",
        "repo": "zen-browser-flake",
        "type": "github"
      }
    }
  },
  "root": "root",
  "version": 7
}
