{
  "nodes": {
    "gruvbox-wallpapers": {
      "inputs": {
        "nixpkgs": [
          "nixpkgs"
        ]
      },
      "locked": {
        "lastModified": 1784553621,
        "narHash": "sha256-RpPMMbI/jxCxOlsf0d8SZyORR4qafod97kjE98FhId0=",
        "owner": "AngelJumbo",
        "repo": "gruvbox-wallpapers",
        "rev": "64a1f5fdbc4f7e0a7700405a80f6011dbe2e00f8",
        "type": "github"
      },
      "original": {
        "owner": "AngelJumbo",
        "repo": "gruvbox-wallpapers",
        "type": "github"
      }
    },
    "home-manager": {
      "inputs": {
        "nixpkgs": [
          "nixpkgs"
        ]
      },
      "locked": {
        "lastModified": 1785306346,
        "narHash": "sha256-DScBkW0fOgpGPK2trNoX3ryLTlaC14+gglFo/BhGJ4g=",
        "owner": "nix-community",
        "repo": "home-manager",
        "rev": "e705714e918c3b11affcdd15db2cbe3a070420a0",
        "type": "github"
      },
      "original": {
        "owner": "nix-community",
        "repo": "home-manager",
        "type": "github"
      }
    },
    "home-manager_2": {
      "inputs": {
        "nixpkgs": [
          "zen-browser",
          "nixpkgs"
        ]
      },
      "locked": {
        "lastModified": 1783963347,
        "narHash": "sha256-r376E2XpakiXwModDHIxlvB6qLq4iFVEq730vxOO4JY=",
        "owner": "nix-community",
        "repo": "home-manager",
        "rev": "a45a7c451455a51ae740ec3bce4024b312809c29",
        "type": "github"
      },
      "original": {
        "owner": "nix-community",
        "repo": "home-manager",
        "type": "github"
      }
    },
    "nezzontli-ctl": {
      "inputs": {
        "nixpkgs": [
          "nixpkgs"
        ]
      },
      "locked": {
        "lastModified": 1785462116,
        "narHash": "sha256-S5vQY5JR28Nmeq4AswRmFl7mD1q43MdA46GifhiJ4tA=",
        "owner": "Richard7987",
        "repo": "nezzontli-ctl",
        "rev": "97b83a82103197915fefaa3b0daf649f14f57280",
        "type": "github"
      },
      "original": {
        "owner": "Richard7987",
        "repo": "nezzontli-ctl",
        "type": "github"
      }
    },
    "nixpkgs": {
      "locked": {
        "lastModified": 1785318670,
        "narHash": "sha256-dN6Ou5x/+23FZLEpYP3IffO+NyJFzUlGumt1uu3MMaY=",
        "owner": "NixOS",
        "repo": "nixpkgs",
        "rev": "0954f7ee2f6bb3dc7d4e3d0d8bcb8fd4bde4cfc5",
        "type": "github"
      },
      "original": {
        "owner": "NixOS",
        "ref": "nixos-unstable",
        "repo": "nixpkgs",
        "type": "github"
      }
    },
    "noctalia": {
      "inputs": {
        "nixpkgs": [
          "nixpkgs"
        ]
      },
      "locked": {
        "lastModified": 1785373752,
        "narHash": "sha256-IAZQSE3NFv+5Z00b7O1mvkwrwcRX2o0Vq7vVl2PntKU=",
        "owner": "noctalia-dev",
        "repo": "noctalia",
        "rev": "d218905ad07587e2aa8c23d931096244f90af875",
        "type": "github"
      },
      "original": {
        "owner": "noctalia-dev",
        "repo": "noctalia",
        "type": "github"
      }
    },
    "noctalia-greeter": {
      "inputs": {
        "nixpkgs": [
          "nixpkgs"
        ]
      },
      "locked": {
        "lastModified": 1785316169,
        "narHash": "sha256-7iBE9aITWeYBC5YdRcY9F9y29dtlNhwg7eLar+CYLgc=",
        "owner": "noctalia-dev",
        "repo": "noctalia-greeter",
        "rev": "d6275cbcb5b9acae2348bed16e358aa6c2cf8188",
        "type": "github"
      },
      "original": {
        "owner": "noctalia-dev",
        "repo": "noctalia-greeter",
        "type": "github"
      }
    },
    "psysonic": {
      "inputs": {
        "nixpkgs": [
          "nixpkgs"
        ]
      },
      "locked": {
        "lastModified": 1785367171,
        "narHash": "sha256-SqhLstT1cF3mcznmb4uwCNKJiZkfNuCbEhEYBuHPGMc=",
        "owner": "Psychotoxical",
        "repo": "psysonic",
        "rev": "725f1d0ea92f1d62452d468b8d169012e5a20cde",
        "type": "github"
      },
      "original": {
        "owner": "Psychotoxical",
        "repo": "psysonic",
        "type": "github"
      }
    },
    "root": {
      "inputs": {
        "gruvbox-wallpapers": "gruvbox-wallpapers",
        "home-manager": "home-manager",
        "nezzontli-ctl": "nezzontli-ctl",
        "nixpkgs": "nixpkgs",
        "noctalia": "noctalia",
        "noctalia-greeter": "noctalia-greeter",
        "psysonic": "psysonic",
        "zen-browser": "zen-browser"
      }
    },
    "zen-browser": {
      "inputs": {
        "home-manager": "home-manager_2",
        "nixpkgs": [
          "nixpkgs"
        ]
      },
      "locked": {
        "lastModified": 1785224333,
        "narHash": "sha256-8DNJUVM10ktK02V9ZIV064CH+fuPF272VCAZBn6arig=",
        "owner": "0xc000022070",
        "repo": "zen-browser-flake",
        "rev": "5f1a4be4d280e1ae06d61a75775a234b1714da3f",
        "type": "github"
      },
      "original": {
        "owner": "0xc000022070",
        "repo": "zen-browser-flake",
        "type": "github"
      }
    }
  },
  "root": "root",
  "version": 7
}
